
Microsoft Visual Studio Solution File, Format Version 12.00
# Visual Studio Version 16
VisualStudioVersion = 16.0.30611.23
MinimumVisualStudioVersion = 10.0.40219.1
Project("{FAE04EC0-301F-11D3-BF4B-00C04F79EFBC}") = "methodtofindGCFoftwowholnumbers", "methodtofindGCFoftwowholnumbers\methodtofindGCFoftwowholnumbers.csproj", "{EBE372BD-21CB-44AA-BABC-70653A2E2611}"
EndProject
Global
	GlobalSection(SolutionConfigurationPlatforms) = preSolution
		Debug|Any CPU = Debug|Any CPU
		Release|Any CPU = Release|Any CPU
	EndGlobalSection
	GlobalSection(ProjectConfigurationPlatforms) = postSolution
		{EBE372BD-21CB-44AA-BABC-70653A2E2611}.Debug|Any CPU.ActiveCfg = Debug|Any CPU
		{EBE372BD-21CB-44AA-BABC-70653A2E2611}.Debug|Any CPU.Build.0 = Debug|Any CPU
		{EBE372BD-21CB-44AA-BABC-70653A2E2611}.Release|Any CPU.ActiveCfg = Release|Any CPU
		{EBE372BD-21CB-44AA-BABC-70653A2E2611}.Release|Any CPU.Build.0 = Release|Any CPU
	EndGlobalSection
	GlobalSection(SolutionProperties) = preSolution
		HideSolutionNode = FALSE
	EndGlobalSection
	GlobalSection(ExtensibilityGlobals) = postSolution
		SolutionGuid = {F79894C1-1A33-4865-A7F0-0C7D255D9117}
	EndGlobalSection
EndGlobal
